
Microsoft Visual Studio Solution File, Format Version 12.00
# Visual Studio Version 17
VisualStudioVersion = 17.4.33205.214
MinimumVisualStudioVersion = 10.0.40219.1
Project("{FAE04EC0-301F-11D3-BF4B-00C04F79EFBC}") = "metod1", "metod1\metod1.csproj", "{41A78F4E-9935-46C1-81EE-BB1119193FFF}"
EndProject
Global
	GlobalSection(SolutionConfigurationPlatforms) = preSolution
		Debug|Any CPU = Debug|Any CPU
		Release|Any CPU = Release|Any CPU
	EndGlobalSection
	GlobalSection(ProjectConfigurationPlatforms) = postSolution
		{41A78F4E-9935-46C1-81EE-BB1119193FFF}.Debug|Any CPU.ActiveCfg = Debug|Any CPU
		{41A78F4E-9935-46C1-81EE-BB1119193FFF}.Debug|Any CPU.Build.0 = Debug|Any CPU
		{41A78F4E-9935-46C1-81EE-BB1119193FFF}.Release|Any CPU.ActiveCfg = Release|Any CPU
		{41A78F4E-9935-46C1-81EE-BB1119193FFF}.Release|Any CPU.Build.0 = Release|Any CPU
	EndGlobalSection
	GlobalSection(SolutionProperties) = preSolution
		HideSolutionNode = FALSE
	EndGlobalSection
	GlobalSection(ExtensibilityGlobals) = postSolution
		SolutionGuid = {323AC0EC-1729-429E-9914-C23A8A5A484E}
	EndGlobalSection
EndGlobal
